
Microsoft Visual Studio Solution File, Format Version 12.00
# Visual Studio 15
VisualStudioVersion = 15.0.26124.0
MinimumVisualStudioVersion = 15.0.26124.0
Project("{2150E333-8FDC-42A3-9474-1A3956D46DE8}") = "src", "src", "{51017401-B849-43CF-9C57-F2124AC5F2A0}"
EndProject
Project("{FAE04EC0-301F-11D3-BF4B-00C04F79EFBC}") = "Gradebook", "src\Gradebook\Gradebook.csproj", "{B9C3E7DA-2301-477F-9348-5DCB64F05041}"
EndProject
Project("{2150E333-8FDC-42A3-9474-1A3956D46DE8}") = "test", "test", "{4E33AF0A-AEA4-418A-93B7-FB6DC224A56A}"
EndProject
Project("{FAE04EC0-301F-11D3-BF4B-00C04F79EFBC}") = "Gradebook.Tests", "test\Gradebook.Tests\Gradebook.Tests.csproj", "{72DFC1BD-879C-4BE1-A9B3-B76CF60C8E91}"
EndProject
Global
	GlobalSection(SolutionConfigurationPlatforms) = preSolution
		Debug|Any CPU = Debug|Any CPU
		Debug|x64 = Debug|x64
		Debug|x86 = Debug|x86
		Release|Any CPU = Release|Any CPU
		Release|x64 = Release|x64
		Release|x86 = Release|x86
	EndGlobalSection
	GlobalSection(SolutionProperties) = preSolution
		HideSolutionNode = FALSE
	EndGlobalSection
	GlobalSection(ProjectConfigurationPlatforms) = postSolution
		{B9C3E7DA-2301-477F-9348-5DCB64F05041}.Debug|Any CPU.ActiveCfg = Debug|Any CPU
		{B9C3E7DA-2301-477F-9348-5DCB64F05041}.Debug|Any CPU.Build.0 = Debug|Any CPU
		{B9C3E7DA-2301-477F-9348-5DCB64F05041}.Debug|x64.ActiveCfg = Debug|Any CPU
		{B9C3E7DA-2301-477F-9348-5DCB64F05041}.Debug|x64.Build.0 = Debug|Any CPU
		{B9C3E7DA-2301-477F-9348-5DCB64F05041}.Debug|x86.ActiveCfg = Debug|Any CPU
		{B9C3E7DA-2301-477F-9348-5DCB64F05041}.Debug|x86.Build.0 = Debug|Any CPU
		{B9C3E7DA-2301-477F-9348-5DCB64F05041}.Release|Any CPU.ActiveCfg = Release|Any CPU
		{B9C3E7DA-2301-477F-9348-5DCB64F05041}.Release|Any CPU.Build.0 = Release|Any CPU
		{B9C3E7DA-2301-477F-9348-5DCB64F05041}.Release|x64.ActiveCfg = Release|Any CPU
		{B9C3E7DA-2301-477F-9348-5DCB64F05041}.Release|x64.Build.0 = Release|Any CPU
		{B9C3E7DA-2301-477F-9348-5DCB64F05041}.Release|x86.ActiveCfg = Release|Any CPU
		{B9C3E7DA-2301-477F-9348-5DCB64F05041}.Release|x86.Build.0 = Release|Any CPU
		{72DFC1BD-879C-4BE1-A9B3-B76CF60C8E91}.Debug|Any CPU.ActiveCfg = Debug|Any CPU
		{72DFC1BD-879C-4BE1-A9B3-B76CF60C8E91}.Debug|Any CPU.Build.0 = Debug|Any CPU
		{72DFC1BD-879C-4BE1-A9B3-B76CF60C8E91}.Debug|x64.ActiveCfg = Debug|Any CPU
		{72DFC1BD-879C-4BE1-A9B3-B76CF60C8E91}.Debug|x64.Build.0 = Debug|Any CPU
		{72DFC1BD-879C-4BE1-A9B3-B76CF60C8E91}.Debug|x86.ActiveCfg = Debug|Any CPU
		{72DFC1BD-879C-4BE1-A9B3-B76CF60C8E91}.Debug|x86.Build.0 = Debug|Any CPU
		{72DFC1BD-879C-4BE1-A9B3-B76CF60C8E91}.Release|Any CPU.ActiveCfg = Release|Any CPU
		{72DFC1BD-879C-4BE1-A9B3-B76CF60C8E91}.Release|Any CPU.Build.0 = Release|Any CPU
		{72DFC1BD-879C-4BE1-A9B3-B76CF60C8E91}.Release|x64.ActiveCfg = Release|Any CPU
		{72DFC1BD-879C-4BE1-A9B3-B76CF60C8E91}.Release|x64.Build.0 = Release|Any CPU
		{72DFC1BD-879C-4BE1-A9B3-B76CF60C8E91}.Release|x86.ActiveCfg = Release|Any CPU
		{72DFC1BD-879C-4BE1-A9B3-B76CF60C8E91}.Release|x86.Build.0 = Release|Any CPU
	EndGlobalSection
	GlobalSection(NestedProjects) = preSolution
		{B9C3E7DA-2301-477F-9348-5DCB64F05041} = {51017401-B849-43CF-9C57-F2124AC5F2A0}
		{72DFC1BD-879C-4BE1-A9B3-B76CF60C8E91} = {4E33AF0A-AEA4-418A-93B7-FB6DC224A56A}
	EndGlobalSection
EndGlobal
